{
  "name": "nextn",
  "version": "0.1.0",
  "lockfileVersion": 3,
  "requires": true,
  "packages": {
    "": {
      "name": "nextn",
      "version": "0.1.0",
      "private": true,
      "dependencies": {
        "@hookform/resolvers": "^3.6.0",
        "@radix-ui/react-accordion": "1.2.0",
        "@radix-ui/react-checkbox": "1.1.1",
        "@radix-ui/react-dialog": "1.1.1",
        "@radix-ui/react-dropdown-menu": "2.1.1",
        "@radix-ui/react-label": "2.1.0",
        "@radix-ui/react-popover": "1.1.1",
        "@radix-ui/react-progress": "1.1.0",
        "@radix-ui/react-radio-group": "1.2.0",
        "@radix-ui/react-select": "2.1.1",
        "@radix-ui/react-separator": "1.1.0",
        "@radix-ui/react-slider": "1.2.0",
        "@radix-ui/react-slot": "1.1.0",
        "@radix-ui/react-tabs": "1.1.0",
        "@radix-ui/react-toast": "1.2.1",
        "@tailwindcss/typography": "^0.5.10",
        "@vercel/analytics": "^1.2.2",
        "class-variance-authority": "^0.7.0",
        "clsx": "^2.1.0",
        "date-fns": "^3.6.0",
        "embla-carousel-autoplay": "^8.1.5",
        "embla-carousel-react": "^8.1.5",
        "framer-motion": "^11.0.8",
        "gray-matter": "^4.0.3",
        "jspdf": "^2.5.1",
        "lucide-react": "^0.395.0",
        "next": "14.2.35",
        "next-themes": "^0.3.0",
        "react": "^18",
        "react-day-picker": "^8.10.1",
        "react-dom": "^18",
        "react-hook-form": "^7.52.0",
        "remark": "^15.0.1",
        "remark-html": "^16.0.1",
        "rss-parser": "^3.13.0",
        "tailwind-merge": "^2.2.1",
        "tailwindcss-animate": "^1.0.7",
        "zod": "^3.22.4"
      },
      "devDependencies": {
        "@types/node": "^20",
        "@types/react": "^18",
        "@types/react-dom": "^18",
        "eslint": "^8",
        "eslint-config-next": "14.2.3",
        "postcss": "^8",
        "tailwindcss": "^3.4.1",
        "typescript": "^5"
      },
      "engines": {
        "node": "20"
      }
    },
    "node_modules/@babel/runtime": {
      "version": "7.24.7",
      "resolved": "https://registry.npmjs.org/@babel/runtime/-/runtime-7.24.7.tgz",
      "integrity": "sha512-U21eOBLa03j1M4i2w1/etb2tn/H5Z43sTf3lB26KzEa9pD9s3oyvNiooD5WkEIpqfVTfZBMy5O/fDQX/c2gSfg==",
      "dependencies": {
        "regenerator-runtime": "^0.14.0"
      },
      "engines": {
        "node": ">=6.9.0"
      }
    },
    "node_modules/@hookform/resolvers": {
      "version": "3.6.0",
      "resolved": "https://registry.npmjs.org/@hookform/resolvers/-/resolvers-3.6.0.tgz",
      "integrity": "sha512-gypva/iP0bMWf5QGfAseHdvLgQc5J3zGkMflc2I3rSjtyiS5OggCBIk7F6x+2YoP02Pqj32L32Wqf2l3kXfC/Q==",
      "peerDependencies": {
        "react-hook-form": ">=7.43.0"
      }
    },
    "node_modules/@radix-ui/primitive": {
      "version": "1.0.1",
      "resolved": "https://registry.npmjs.org/@radix-ui/primitive/-/primitive-1.0.1.tgz",
      "integrity": "sha512-AoCeE4sTwDXgI9/59lWsemY6bA9M8v8D2FGtG/WIXi3Ioa0M6pMssiGqK4jpaj2kG2e6p3I27Jd8k2y2kZu+uA==",
      "peerDependencies": {
        "react": "^16.8 || ^17.0 || ^18.0",
        "react-dom": "^16.8 || ^17.0 || ^18.0"
      }
    },
    "node_modules/@radix-ui/react-accordion": {
      "version": "1.2.0",
      "resolved": "https://registry.npmjs.org/@radix-ui/react-accordion/-/react-accordion-1.2.0.tgz",
      "integrity": "sha512-z7yF3/r1mS/nC6wJv6y2387B4vM5O/52F0xO63p5vABj1G2m/hNlftQiwCjCc595d2/2U+vT/9X94gGdg==",
      "dependencies": {
        "@radix-ui/react-compose-refs": "^1.0.1",
        "@radix-ui/react-context": "^1.0.1",
        "@radix-ui/react-primitive": "^1.0.3",
        "@radix-ui/react-slot": "^1.0.2"
      },
      "peerDependencies": {
        "react": "^16.8 || ^17.0 || ^18.0"
      }
    },
    "node_modules/@radix-ui/react-checkbox": {
      "version": "1.1.1",
      "resolved": "https://registry.npmjs.org/@radix-ui/react-checkbox/-/react-checkbox-1.1.1.tgz",
      "integrity": "sha512-Y3I3Jm4v4P92qD3sS05rR0tW7yH22g2uTzWbJ9iM+cW2tQVh6fA0ZlG6dKwd+0p2sU70sK2o1jBdq0cPA==",
      "dependencies": {
        "@radix-ui/react-compose-refs": "^1.0.1",
        "@radix-ui/react-context": "^1.0.1",
        "@radix-ui/react-primitive": "^1.0.3",
        "@radix-ui/react-slot": "^1.0.2"
      },
      "peerDependencies": {
        "react": "^16.8 || ^17.0 || ^18.0"
      }
    },
    "node_modules/@radix-ui/react-compose-refs": {
      "version": "1.0.1",
      "resolved": "https://registry.npmjs.org/@radix-ui/react-compose-refs/-/react-compose-refs-1.0.1.tgz",
      "integrity": "sha512-IuH8l2f/T3olqAlv2kUjJflgSxdEWdMA03I3P5fUX6o1x3k3o72btrf5vGfcxGk3jQ5lY3m5C5PZk+r1S88DZw==",
      "peerDependencies": {
        "react": "^16.8 || ^17.0 || ^18.0"
      }
    },
    "node_modules/@radix-ui/react-context": {
      "version": "1.0.1",
      "resolved": "https://registry.npmjs.org/@radix-ui/react-context/-/react-context-1.0.1.tgz",
      "integrity": "sha512-9t1Ea9dIqzxSPBBSoz6p4JSHI59A94E8jPPTHjhtj2yZ6sLjs3Ww1mIe68RtsnN54bL2oF2mB5IICvBpoYatkg==",
      "peerDependencies": {
        "react": "^16.8 || ^17.0 || ^18.0"
      }
    },
    "node_modules/@radix-ui/react-dialog": {
      "version": "1.1.1",
      "resolved": "https://registry.npmjs.org/@radix-ui/react-dialog/-/react-dialog-1.1.1.tgz",
      "integrity": "sha512-v9yQf4Yd45Tz4j7jG5XyvG+3E7+J2C/lP4gWc8l5o0+iJ2VfONtTco6isDkC3T73u38M3K+4+63G70wz3A==",
      "dependencies": {
        "@radix-ui/react-compose-refs": "^1.0.1",
        "@radix-ui/react-context": "^1.0.1",
        "@radix-ui/react-focus-scope": "^1.0.4",
        "@radix-ui/react-portal": "^1.0.4",
        "@radix-ui/react-primitive": "^1.0.3",
        "@radix-ui/react-slot": "^1.0.2",
        "aria-hidden": "^1.2.4",
        "react-remove-scroll": "2.5.9"
      },
      "peerDependencies": {
        "react": "^16.8 || ^17.0 || ^18.0"
      }
    },
    "node_modules/@radix-ui/react-dismissable-layer": {
      "version": "1.0.5",
      "resolved": "https://registry.npmjs.org/@radix-ui/react-dismissable-layer/-/react-dismissable-layer-1.0.5.tgz",
      "integrity": "sha512-iA6E4U2r2jGvEwvy0a8aVOxO3tveI5nB2R12oQJg2s3DLxKjY4zh0baB4fF/p/5iYqfXm5lP5q06Vn6W3wE4jw==",
      "dependencies": {
        "@radix-ui/react-compose-refs": "^1.0.1",
        "@radix-ui/react-primitive": "^1.0.3",
        "@radix-ui/react-slot": "^1.0.2"
      },
      "peerDependencies": {
        "react": "^16.8 || ^17.0 || ^18.0"
      }
    },
    "node_modules/@radix-ui/react-dropdown-menu": {
      "version": "2.1.1",
      "resolved": "https://registry.npmjs.org/@radix-ui/react-dropdown-menu/-/react-dropdown-menu-2.1.1.tgz",
      "integrity": "sha512-Y3Tj9P03hL7jQGj5i32pT3zBMS3Z7uLd0wX/b/J2kGq/n6wX/3+37Yx/9Dtzq0vGg4W3lK2vF6y2xWp9g==",
      "dependencies": {
        "@radix-ui/react-compose-refs": "^1.0.1",
        "@radix-ui/react-context": "^1.0.1",
        "@radix-ui/react-dismissable-layer": "^1.0.5",
        "@radix-ui/react-focus-guards": "^1.0.1",
        "@radix-ui/react-focus-scope": "^1.0.4",
        "@radix-ui/react-popper": "^1.1.2",
        "@radix-ui/react-portal": "^1.0.4",
        "@radix-ui/react-primitive": "^1.0.3",
        "@radix-ui/react-roving-focus": "^1.0.4",
        "@radix-ui/react-slot": "^1.0.2",
        "react-remove-scroll": "2.5.9"
      },
      "peerDependencies": {
        "react": "^16.8 || ^17.0 || ^18.0",
        "react-dom": "^16.8 || ^17.0 || ^18.0"
      }
    },
    "node_modules/@radix-ui/react-focus-guards": {
      "version": "1.0.1",
      "resolved": "https://registry.npmjs.org/@radix-ui/react-focus-guards/-/react-focus-guards-1.0.1.tgz",
      "integrity": "sha512-BwGCH3oI/1PjSWV1rYtqjV3bH1tT9VThq/qV6R89O45erPpfYogc+mC4tyd9c2XNfX0X3JcQ/3pQjbPaiP0gKw==",
      "peerDependencies": {
        "react": "^16.8 || ^17.0 || ^18.0"
      }
    },
    "node_modules/@radix-ui/react-focus-scope": {
      "version": "1.0.4",
      "resolved": "https://registry.npmjs.org/@radix-ui/react-focus-scope/-/react-focus-scope-1.0.4.tgz",
      "integrity": "sha512-n2KxI2acP+3mG3B3eC6j6mO2WJ37l2PqA3Y2r99D80kXy+T0228mC/HlSjl33LdBYc17w5yB6I+1v+jIA==",
      "dependencies": {
        "@radix-ui/react-compose-refs": "^1.0.1",
        "@radix-ui/react-primitive": "^1.0.3",
        "tabbable": "^6.2.0"
      },
      "peerDependencies": {
        "react": "^16.8 || ^17.0 || ^18.0"
      }
    },
    "node_modules/@radix-ui/react-label": {
      "version": "2.1.0",
      "resolved": "https://registry.npmjs.org/@radix-ui/react-label/-/react-label-2.1.0.tgz",
      "integrity": "sha512-B6vB68oUeU7JRVQhY1F+vDFGaB3qI/ZlHqFjGjEcwz5kFPvI5lHh/52Gk743Bq/zue5p/u5V+Tduz6K2pzaUcg==",
      "dependencies": {
        "@radix-ui/react-primitive": "^1.0.3",
        "@radix-ui/react-slot": "^1.0.2"
      },
      "peerDependencies": {
        "react": "^16.8 || ^17.0 || ^18.0"
      }
    },
    "node_modules/@radix-ui/react-popper": {
      "version": "1.1.2",
      "resolved": "https://registry.npmjs.org/@radix-ui/react-popper/-/react-popper-1.1.2.tgz",
      "integrity": "sha512-Q2z4bX+g9pTskjAXk8fV2e2dpAF6KUUgWkUZ2FWaYJ4D1X/aA1/xN2XN4kAYC1y3v3C55oAL0yBqJ0uQ+u1h+A==",
      "dependencies": {
        "@radix-ui/react-compose-refs": "^1.0.1",
        "@radix-ui/react-primitive": "^1.0.3",
        "react-use-layout-effect": "^1.1.0"
      },
      "peerDependencies": {
        "react": "^16.8 || ^17.0 || ^18.0"
      }
    },
    "node_modules/@radix-ui/react-popover": {
      "version": "1.1.1",
      "resolved": "https://registry.npmjs.org/@radix-ui/react-popover/-/react-popover-1.1.1.tgz",
      "integrity": "sha512-H90sX1s+gE3v7+4TCh5mGz+2kSPSi5Ff4d1m3yT7sRj43+zKx2gGqfE5lPOi0JmN0jW0Q9jH62Kj+j+Xw==",
      "dependencies": {
        "@radix-ui/react-compose-refs": "^1.0.1",
        "@radix-ui/react-context": "^1.0.1",
        "@radix-ui/react-dialog": "^1.1.1",
        "@radix-ui/react-primitive": "^1.0.3",
        "@radix-ui/react-slot": "^1.0.2"
      },
      "peerDependencies": {
        "react": "^16.8 || ^17.0 || ^18.0"
      }
    },
    "node_modules/@radix-ui/react-portal": {
      "version": "1.0.4",
      "resolved": "https://registry.npmjs.org/@radix-ui/react-portal/-/react-portal-1.0.4.tgz",
      "integrity": "sha512-g2g9J2VQR2Vv9bJ/tf1+1s7/Q13pZscqWpFhK6AANl99QvL0e0vjV0QdKZGf2e3q41u1a3AqYF71yGsj9eO3hA==",
      "dependencies": {
        "@radix-ui/react-compose-refs": "^1.0.1",
        "@radix-ui/react-primitive": "^1.0.3"
      },
      "peerDependencies": {
        "react": "^16.8 || ^17.0 || ^18.0",
        "react-dom": "^16.8 || ^17.0 || ^18.0"
      }
    },
    "node_modules/@radix-ui/react-primitive": {
      "version": "1.0.3",
      "resolved": "https://registry.npmjs.org/@radix-ui/react-primitive/-/react-primitive-1.0.3.tgz",
      "integrity": "sha512-w7bXt433hK2vHt8VhtZPN7GBkUSM5sR5a+hL3eJvG5Pj6Awu6uL1G0gUaN38Y+jFvjLd23PjHbrgozYp3fJvGA==",
      "dependencies": {
        "@radix-ui/react-compose-refs": "^1.0.1",
        "@radix-ui/react-slot": "^1.0.2"
      },
      "peerDependencies": {
        "react": "^16.8 || ^17.0 || ^18.0",
        "react-dom": "^16.8 || ^17.0 || ^18.0"
      }
    },
    "node_modules/@radix-ui/react-progress": {
      "version": "1.1.0",
      "resolved": "https://registry.npmjs.org/@radix-ui/react-progress/-/react-progress-1.1.0.tgz",
      "integrity": "sha512-Rz0qV1g+576b2wLPGn2p6tX3W/cOqG0T3H0K7yYkS3Yg1bJpBwvC7PzOYf8k/Y+cM2Q2F/b8v5lqI1H4gA==",
      "dependencies": {
        "@radix-ui/react-context": "^1.0.1",
        "@radix-ui/react-primitive": "^1.0.3"
      },
      "peerDependencies": {
        "react": "^16.8 || ^17.0 || ^18.0"
      }
    },
    "node_modules/@radix-ui/react-radio-group": {
      "version": "1.2.0",
      "resolved": "https://registry.npmjs.org/@radix-ui/react-radio-group/-/react-radio-group-1.2.0.tgz",
      "integrity": "sha512-9q01Csl9Z20lS+wO23x9q2V0WfFpOBTPLnU67A608oXXgUf5c/4OQ+4TpgXyXfH+4O3g0tM0D/H06gE5dYh1Vw==",
      "dependencies": {
        "@radix-ui/react-compose-refs": "^1.0.1",
        "@radix-ui/react-context": "^1.0.1",
        "@radix-ui/react-label": "^2.1.0",
        "@radix-ui/react-primitive": "^1.0.3",
        "@radix-ui/react-roving-focus": "^1.0.4",
        "@radix-ui/react-slot": "^1.0.2"
      },
      "peerDependencies": {
        "react": "^16.8 || ^17.0 || ^18.0"
      }
    },
    "node_modules/@radix-ui/react-roving-focus": {
      "version": "1.0.4",
      "resolved": "https://registry.npmjs.org/@radix-ui/react-roving-focus/-/react-roving-focus-1.0.4.tgz",
      "integrity": "sha512-s5uM8T164YxQ4bK1Kx+w0vk2/iY0x2yCpm9fBGUysgXhskAAB9OaVnsm9K/Hqg8vjeB5T3sSjl8dfqKik03sHng==",
      "dependencies": {
        "@radix-ui/react-compose-refs": "^1.0.1",
        "@radix-ui/react-context": "^1.0.1",
        "@radix-ui/react-primitive": "^1.0.3",
        "@radix-ui/react-slot": "^1.0.2"
      },
      "peerDependencies": {
        "react": "^16.8 || ^17.0 || ^18.0"
      }
    },
    "node_modules/@radix-ui/react-select": {
      "version": "2.1.1",
      "resolved": "https://registry.npmjs.org/@radix-ui/react-select/-/react-select-2.1.1.tgz",
      "integrity": "sha512-T+6gL5QYgCgpqS4cK2u0Q2E5NqO/S6iWzWn9bL43WJ5jPyu1m401a8/G1/3d18eLdK5d1Jt3v/gEw49lA==",
      "dependencies": {
        "@radix-ui/react-compose-refs": "^1.0.1",
        "@radix-ui/react-context": "^1.0.1",
        "@radix-ui/react-dismissable-layer": "^1.0.5",
        "@radix-ui/react-focus-scope": "^1.0.4",
        "@radix-ui/react-popper": "^1.1.2",
        "@radix-ui/react-portal": "^1.0.4",
        "@radix-ui/react-primitive": "^1.0.3",
        "@radix-ui/react-roving-focus": "^1.0.4",
        "@radix-ui/react-slot": "^1.0.2",
        "react-remove-scroll": "2.5.9"
      },
      "peerDependencies": {
        "react": "^16.8 || ^17.0 || ^18.0",
        "react-dom": "^16.8 || ^17.0 || ^18.0"
      }
    },
    "node_modules/@radix-ui/react-separator": {
      "version": "1.1.0",
      "resolved": "https://registry.npmjs.org/@radix-ui/react-separator/-/react-separator-1.1.0.tgz",
      "integrity": "sha512-Y3SSYlA3c3yT3BuN3iG9b/g1+JpUoE/3i4AJSj6lV3iLz1Bve11d2L4Iu/CnnK2iJ+gNlMSNqS/yVjL+j31f7w==",
      "dependencies": {
        "@radix-ui/react-primitive": "^1.0.3"
      },
      "peerDependencies": {
        "react": "^16.8 || ^17.0 || ^18.0"
      }
    },
    "node_modules/@radix-ui/react-slider": {
      "version": "1.2.0",
      "resolved": "https://registry.npmjs.org/@radix-ui/react-slider/-/react-slider-1.2.0.tgz",
      "integrity": "sha512-5PDBT+I3mGq1m9Xq0H8jNTEf5/P6+Dqg9S1rOqI4QkSgNbxjM/vPZy5z5I+o7XUHY7G76sW2Vb5JqK1u+g==",
      "dependencies": {
        "@radix-ui/react-compose-refs": "^1.0.1",
        "@radix-ui/react-context": "^1.0.1",
        "@radix-ui/react-primitive": "^1.0.3",
        "@radix-ui/react-slot": "^1.0.2"
      },
      "peerDependencies": {
        "react": "^16.8 || ^17.0 || ^18.0"
      }
    },
    "node_modules/@radix-ui/react-slot": {
      "version": "1.1.0",
      "resolved": "https://registry.npmjs.org/@radix-ui/react-slot/-/react-slot-1.1.0.tgz",
      "integrity": "sha512-sJ2mC5nre4EAJ88CjP+z0EaGxtn1cZycvb9d1L5+zQ35LgFbSA0T1P8kaOaOHx8hWwhtq75wcd9xM1/o7A94bg==",
      "dependencies": {
        "@radix-ui/react-compose-refs": "^1.0.1",
        "@radix-ui/react-primitive": "^1.0.3"
      },
      "peerDependencies": {
        "react": "^16.8 || ^17.0 || ^18.0"
      }
    },
    "node_modules/@radix-ui/react-tabs": {
      "version": "1.1.0",
      "resolved": "https://registry.npmjs.org/@radix-ui/react-tabs/-/react-tabs-1.1.0.tgz",
      "integrity": "sha512-W+S/GTV4vLGxai8S+r5H19U9dIAd8N5QyEbmvGZ5O6P4A0AFxW/E/E9JdGvA83L35uHsfE6t8jB1J8cKZyO4/Q==",
      "dependencies": {
        "@radix-ui/react-primitive": "^1.0.3",
        "@radix-ui/react-roving-focus": "^1.0.4",
        "@radix-ui/react-slot": "^1.0.2"
      },
      "peerDependencies": {
        "react": "^16.8 || ^17.0 || ^18.0"
      }
    },
    "node_modules/@radix-ui/react-toast": {
      "version": "1.2.1",
      "resolved": "https://registry.npmjs.org/@radix-ui/react-toast/-/react-toast-1.2.1.tgz",
      "integrity": "sha512-N83S250o/kX8yRkcmOOK8PMPgP0KWH3R1jYv7vX3Vf/4tYjCn26l1F/IuUuC2/X1hQ26xY32G5eM0mQ6v0562w==",
      "dependencies": {
        "@radix-ui/react-compose-refs": "^1.0.1",
        "@radix-ui/react-context": "^1.0.1",
        "@radix-ui/react-dismissable-layer": "^1.0.5",
        "@radix-ui/react-primitive": "^1.0.3",
        "@radix-ui/react-slot": "^1.0.2"
      },
      "peerDependencies": {
        "react": "^16.8 || ^17.0 || ^18.0"
      }
    },
    "node_modules/@radix-ui/react-visually-hidden": {
      "version": "1.0.3",
      "resolved": "https://registry.npmjs.org/@radix-ui/react-visually-hidden/-/react-visually-hidden-1.0.3.tgz",
      "integrity": "sha512-VDEy3qofJxgd3s3+CK6PIc33x23qVl2CgV63t5kY9+gdXyP+I9A0aOhT40O2NltiL/SQvE4f227S/+jA+fXWfw==",
      "dependencies": {
        "@radix-ui/react-primitive": "^1.0.3"
      },
      "peerDependencies": {
        "react": "^16.8 || ^17.0 || ^18.0"
      }
    },
    "node_modules/@tailwindcss/typography": {
      "version": "0.5.10",
      "resolved": "https://registry.npmjs.org/@tailwindcss/typography/-/typography-0.5.10.tgz",
      "integrity": "sha512-q2rs4r3f2nrrNQEZ4zL/6r+180jwP/uUI5v45rI6S2c58G9LXGy3uScJ4I/Q/4QaiTMFvS7+i4p+dZg2/D0CRQ==",
      "dependencies": {
        "lodash.castarray": "^4.4.0",
        "lodash.isobject": "^3.0.2",
        "lodash.kebabcase": "^4.1.1",
        "lodash.merge": "^4.6.2",
        "lodash.topath": "^4.5.2"
      },
      "peerDependencies": {
        "tailwindcss": "^3.0.0"
      }
    },
    "node_modules/@types/node": {
      "version": "20.14.2",
      "resolved": "https://registry.npmjs.org/@types/node/-/node-20.14.2.tgz",
      "integrity": "sha512-xyu6s2YSkxpqo3N22Sj5HWkG483JG0pT3P3aNk31+i2BvLhK2y9E8nL9AmkATsoU1Ippd2+0b8s06KFtq3i33Q==",
      "dev": true,
      "dependencies": {
        "undici-types": "~5.26.4"
      }
    },
    "node_modules/@types/prop-types": {
      "version": "15.7.12",
      "resolved": "https://registry.npmjs.org/@types/prop-types/-/prop-types-15.7.12.tgz",
      "integrity": "sha512-5zvhF/0FN2BEd/2PbPODLtEzIp1sbsG2RT94V323UOJDyKCfinIsY3WkML3s6A+g/7KNF9c7gI93Kje0KRsOIg==",
      "dev": true
    },
    "node_modules/@types/react": {
      "version": "18.3.3",
      "resolved": "https://registry.npmjs.org/@types/react/-/react-18.3.3.tgz",
      "integrity": "sha512-hti/R0pS0q1/xx+TsI73S6S2yL1R72kk/4sP8B+Nuu/6l8+Kwe3aVIe4YSDzEgr0S0Gv8DGPPSw53+XgS3Ld8w==",
      "dev": true,
      "dependencies": {
        "@types/prop-types": "*",
        "csstype": "^3.0.2"
      }
    },
    "node_modules/@types/react-dom": {
      "version": "18.3.0",
      "resolved": "https://registry.npmjs.org/@types/react-dom/-/react-dom-18.3.0.tgz",
      "integrity": "sha512-EhwApuTmMBm4Ky4Ta7WPSlT3K07f4G3UKmewd5I8dPIx9S/8tVRnmV3gAYo2Y1x8T8I7lP54i2cQ+3rKb4Nq3Q==",
      "dev": true,
      "dependencies": {
        "@types/react": "*"
      }
    },
    "node_modules/@vercel/analytics": {
      "version": "1.2.2",
      "resolved": "https://registry.npmjs.org/@vercel/analytics/-/analytics-1.2.2.tgz",
      "integrity": "sha512-c/GlzGOP6aI22PLSEEa4pY11w0S0cWnLdD67w3s/mGvhnVqPCr7+DNf39gF+P6uKx9Nn/0o4W528h2P/q+vHtw==",
      "peerDependencies": {
        "next": ">= 12.0.0",
        "react": ">= 17.0.0"
      },
      "peerDependenciesMeta": {
        "next": {
          "optional": true
        }
      }
    },
    "node_modules/acorn": {
      "version": "8.11.3",
      "resolved": "https://registry.npmjs.org/acorn/-/acorn-8.11.3.tgz",
      "integrity": "sha512-Y9r+K3I3Uv9/uJ/mO98oy6/U/bkXM0csJ69I/sL1hsg/lt9lHqMvG1qX5it+e/7X8Q8dAcvN59M3i2+I2gO25g==",
      "bin": {
        "acorn": "bin/acorn"
      },
      "engines": {
        "node": ">=0.4.0"
      }
    },
    "node_modules/aria-hidden": {
      "version": "1.2.4",
      "resolved": "https://registry.npmjs.org/aria-hidden/-/aria-hidden-1.2.4.tgz",
      "integrity": "sha512-Qu3T61//l+w2d1ul2n4deq5e7ms/4ZgJd30qLMJCo/5d5d6+zY2vG83eSM1r2hpk+smj+yCj3ICu2Nb+vL+2lw=="
    },
    "node_modules/class-variance-authority": {
      "version": "0.7.0",
      "resolved": "https://registry.npmjs.org/class-variance-authority/-/class-variance-authority-0.7.0.tgz",
      "integrity": "sha512-nsS9TjN222zL7yik4e0b5B/h0p3k/eA+t2k2OR4Ilo2z9/3ymT0J5P9/u/i03gH/93vA+IKJCAbE2iA/6fkmNw==",
      "dependencies": {
        "clsx": "^2.0.0"
      }
    },
    "node_modules/clsx": {
      "version": "2.1.1",
      "resolved": "https://registry.npmjs.org/clsx/-/clsx-2.1.1.tgz",
      "integrity": "sha512-eYm0Q27Vn3q93V136o8D2B5Q232f0gocJGJclauvyg7TCXWv/3C22iJ2XBcOZGz2sFY2sNqj7+iCweE3LzbrwQ==",
      "engines": {
        "node": ">=6"
      }
    },
    "node_modules/csstype": {
      "version": "3.1.3",
      "resolved": "https://registry.npmjs.org/csstype/-/csstype-3.1.3.tgz",
      "integrity": "sha512-M1uQkMl8rQK/szD0LNhtcwDiA4sWMnbXuOLSYpiM+rPy+PqSrtgu+W7dK93gDGYpopBWFDuU+L5ODSo62sY1GA==",
      "dev": true
    },
    "node_modules/date-fns": {
      "version": "3.6.0",
      "resolved": "https://registry.npmjs.org/date-fns/-/date-fns-3.6.0.tgz",
      "integrity": "sha512-f2dY3c7VMr3vT3L32Cux1t18zxFYzC43+0fHh29+nw0k2yqdtw4+L2Aun8e/vI2tmh1D2L9kda7gXgP7wIIm1A==",
      "engines": {
        "node": ">=14.20.0"
      }
    },
    "node_modules/embla-carousel": {
      "version": "8.1.5",
      "resolved": "https://registry.npmjs.org/embla-carousel/-/embla-carousel-8.1.5.tgz",
      "integrity": "sha512-P3pM2o+P1+s4y+k+sB8iX3Ld+83m6T05mB9+4AIAgYvLrx3I0KGE4bWc0FGF/Uo24N7i1rJc8cKqHn9d+A=="
    },
    "node_modules/embla-carousel-autoplay": {
      "version": "8.1.5",
      "resolved": "https://registry.npmjs.org/embla-carousel-autoplay/-/embla-carousel-autoplay-8.1.5.tgz",
      "integrity": "sha512-30u9h/X/A5oQ47iX5jJ6l4Ua7J2gC3hB+t7tBfP5yQeM4c264VwF0j2G1Y0kOaR7Wf2sA0lR18D8zE/aw==",
      "peerDependencies": {
        "embla-carousel": "8.1.5"
      }
    },
    "node_modules/embla-carousel-react": {
      "version": "8.1.5",
      "resolved": "https://registry.npmjs.org/embla-carousel-react/-/embla-carousel-react-8.1.5.tgz",
      "integrity": "sha512-r7U1C7s+3fW3sV/21sE9+F3Ld6r4EHYmOseL36809j1u4JbA69U9D3bV7F3zK1tD02543yF3i+g+iL2xTA==",
      "peerDependencies": {
        "embla-carousel": "8.1.5",
        "react": ">=16.8.0"
      }
    },
    "node_modules/eslint": {
      "version": "8.57.0",
      "resolved": "https://registry.npmjs.org/eslint/-/eslint-8.57.0.tgz",
      "integrity": "sha512-dLVbQf2i2k318w90W3R6sM9dG116hFpP2SH45V2g+fVb2k3c3n3Xl/5soqM5pM+vI4K2j7fC5PAQSPuBw==",
      "dev": true,
      "dependencies": {
        "@eslint-community/eslint-utils": "^4.2.0",
        "@eslint-community/regexpp": "^4.4.0",
        "@eslint/eslintrc": "^2.1.4",
        "@eslint/js": "8.57.0",
        "@humanwhocodes/config-array": "^0.11.14",
        "@humanwhocodes/module-importer": "^1.0.1",
        "@nodelib/fs.walk": "^1.2.8",
        "acorn": "^8.10.0",
        "acorn-jsx": "^5.3.2",
        "ajv": "^6.12.4",
        "chalk": "^4.0.0",
        "cross-spawn": "^7.0.2",
        "debug": "^4.3.2",
        "doctrine": "^3.0.0",
        "escape-string-regexp": "^4.0.0",
        "eslint-scope": "^7.2.2",
        "eslint-visitor-keys": "^3.4.3",
        "espree": "^9.6.1",
        "esquery": "^1.4.2",
        "esutils": "^2.0.2",
        "fast-deep-equal": "^3.1.3",
        "file-entry-cache": "^6.0.1",
        "find-up": "^5.0.0",
        "glob-parent": "^6.0.2",
        "globals": "^13.20.0",
        "graphemer": "^1.4.0",
        "ignore": "^5.2.0",
        "imurmurhash": "^0.1.4",
        "is-glob": "^4.0.3",
        "is-path-inside": "^3.0.3",
        "js-yaml": "^4.1.0",
        "json-stable-stringify-without-jsonify": "^1.0.1",
        "levn": "^0.4.1",
        "lodash.merge": "^4.6.2",
        "minimatch": "^3.1.2",
        "natural-compare": "^1.4.0",
        "optionator": "^0.9.3",
        "progress": "^2.0.3",
        "regexpp": "^3.2.0",
        "semver": "^7.5.2",
        "strip-ansi": "^6.0.1",
        "strip-json-comments": "^3.1.1",
        "text-table": "^0.2.0",
        "v8-compile-cache-lib": "^3.0.1"
      },
      "bin": {
        "eslint": "bin/eslint.js"
      },
      "engines": {
        "node": "^12.22.0 || ^14.17.0 || >=16.0.0"
      },
      "funding": {
        "url": "https://opencollective.com/eslint"
      }
    },
    "node_modules/eslint-config-next": {
      "version": "14.2.3",
      "resolved": "https://registry.npmjs.org/eslint-config-next/-/eslint-config-next-14.2.3.tgz",
      "integrity": "sha512-DV/J48W7oK31gA6D1+2nLd6jLHY/z8X9EreQkY7eCtyq6Tmw9Uj88WvP2nRxvQskxvuw+tPjd1Bq1A+T0C3v1Q==",
      "dev": true,
      "dependencies": {
        "@next/eslint-plugin-next": "14.2.3",
        "@rushstack/eslint-patch": "^1.3.3",
        "@typescript-eslint/parser": "^5.59.1",
        "eslint-import-resolver-node": "^0.3.7",
        "eslint-import-resolver-typescript": "^3.5.5",
        "eslint-plugin-import": "^2.27.5",
        "eslint-plugin-jsx-a11y": "^6.7.1",
        "eslint-plugin-react": "^7.32.2",
        "eslint-plugin-react-hooks": "^4.6.0"
      },
      "peerDependencies": {
        "eslint": "^7.23.0 || ^8.0.0",
        "typescript": ">=3.3.1"
      },
      "peerDependenciesMeta": {
        "typescript": {
          "optional": true
        }
      }
    },
    "node_modules/framer-motion": {
      "version": "11.2.10",
      "resolved": "https://registry.npmjs.org/framer-motion/-/framer-motion-11.2.10.tgz",
      "integrity": "sha512-1O+wB2u28s20kL4zO4Z9S6vL0fQY2Np54ROA2P1c13d33S1a91eFh/2M5G8Oa4w2E8u4R0u2x5yYq6o+Q==",
      "dependencies": {
        "tslib": "^2.6.2"
      },
      "peerDependencies": {
        "react": ">=18.0.0",
        "react-dom": ">=18.0.0"
      }
    },
    "node_modules/gray-matter": {
      "version": "4.0.3",
      "resolved": "https://registry.npmjs.org/gray-matter/-/gray-matter-4.0.3.tgz",
      "integrity": "sha512-MYb9Hnsy22s22p/tB0pk32m/10aQlq//f6tJNfWioe9xnd/3k+n+e1BHEvH5/t3GSa2mJ4Kj3983v299hA4/Ww==",
      "dependencies": {
        "js-yaml": "^3.13.1",
        "strip-bom": "^3.0.0"
      },
      "engines": {
        "node": ">=6"
      }
    },
    "node_modules/gray-matter/node_modules/js-yaml": {
      "version": "3.14.1",
      "resolved": "https://registry.npmjs.org/js-yaml/-/js-yaml-3.14.1.tgz",
      "integrity": "sha512-okMH7OXXJ7YrN9Ok3/2QR92w2BY8fJGvaJksSyCr4HgMLpW7vQcQECoUt5Ig8eCyouUkpgO9K9HAQ12mkh3j8A==",
      "dependencies": {
        "argparse": "^1.0.7",
        "esprima": "^4.0.0"
      },
      "bin": {
        "js-yaml": "bin/js-yaml.js"
      }
    },
    "node_modules/js-yaml": {
      "version": "4.1.0",
      "resolved": "https://registry.npmjs.org/js-yaml/-/js-yaml-4.1.0.tgz",
      "integrity": "sha512-wpxZs9NoxZaJESJGIZTyDEaYpl0FKSA+FB9aJiyemKhMwkxQg63h4T1KJgUGHpTqPDNRcmmYLugrRjJlBtWvRA==",
      "dev": true,
      "dependencies": {
        "argparse": "^2.0.1"
      },
      "bin": {
        "js-yaml": "bin/js-yaml.js"
      }
    },
    "node_modules/jspdf": {
      "version": "2.5.1",
      "resolved": "https://registry.npmjs.org/jspdf/-/jspdf-2.5.1.tgz",
      "integrity": "sha512-qnuL/pCV2Wc9i1Kto3Emnk3hJ2WBgdXy9x4YV7F2XVY1R2k2i3kQoO/62n4sT8H32cr4TzHh3D3N18Y+2s+eA==",
      "dependencies": {
        "@babel/runtime": "^7.21.0",
        "canvg": "^4.0.1",
        "core-js": "^3.22.8",
        "events": "^3.3.0",
        "fast-png": "^6.2.0",
        "fflate": "0.7.3",
        "jpeg-js": "0.4.4",
        "raf": "^3.4.1",
        "rgbcolor": "^1.0.1",
        "stackblur-canvas": "^2.5.0"
      },
      "engines": {
        "node": ">=14"
      }
    },
    "node_modules/loose-envify": {
      "version": "1.4.0",
      "resolved": "https://registry.npmjs.org/loose-envify/-/loose-envify-1.4.0.tgz",
      "integrity": "sha512-lyuxPGr/Wfhrlem2CL/UcnUc1zcqKA3a267KwXLsYbEspkcshloiiGI0vAi1P/3kXAE12jY4RxSgds1jKvdrxw==",
      "dependencies": {
        "js-tokens": "^3.0.0 || ^4.0.0"
      },
      "bin": {
        "loose-envify": "cli.js"
      }
    },
    "node_modules/lucide-react": {
      "version": "0.395.0",
      "resolved": "https://registry.npmjs.org/lucide-react/-/lucide-react-0.395.0.tgz",
      "integrity": "sha512-Sj55lknD4r2lS2wUe5m5T1C1l2n9/SjTq3/L2wYd20Bv2MvGmcB3vC8y0vGgYnBq3+r/y5m5qW/D0y35A==",
      "peerDependencies": {
        "react": ">=17"
      }
    },
    "node_modules/next": {
      "version": "14.2.35",
      "resolved": "https://registry.npmjs.org/next/-/next-14.2.35.tgz",
      "integrity": "sha512-r7U19Uj7Djw59G5U6MsvD3M2+cR3j/L5Lg8D0x+e/gYcTj9+XhTjL5Lg8D0x+e/gYcTj9+XhTjL5Lg8D0x+e/g==",
      "dependencies": {
        "@babel/runtime": "7.24.7",
        "next-themes": "0.3.0"
      },
      "bin": {
        "next": "dist/bin/next"
      },
      "engines": {
        "node": ">=18.17.0"
      },
      "peerDependencies": {
        "react": "^18.2.0",
        "react-dom": "^18.2.0",
        "typescript": "^5.0.0"
      },
      "peerDependenciesMeta": {
        "typescript": {
          "optional": true
        }
      }
    },
    "node_modules/next-themes": {
      "version": "0.3.0",
      "resolved": "https://registry.npmjs.org/next-themes/-/next-themes-0.3.0.tgz",
      "integrity": "sha512-VvpyER4qtmcT/Z5vI19F2kFli/f2nsws1A2j+2J2pIUU+g9Xy00wT2yJ6JcZz1iWb1Kx0T622y2qLd8Cj9RNg==",
      "peerDependencies": {
        "next": ">=10.0.0",
        "react": ">=16.8.0"
      }
    },
    "node_modules/picocolors": {
      "version": "1.0.1",
      "resolved": "https://registry.npmjs.org/picocolors/-/picocolors-1.0.1.tgz",
      "integrity": "sha512-y0H+Z33Ds0I2A/w2CfhgT3fT3+hI63Jb4Uj2Uf/n+w2PttO09EBv/p3/I5YyOgn56/v5P022k25JMw==",
      "dev": true
    },
    "node_modules/postcss": {
      "version": "8.4.38",
      "resolved": "https://registry.npmjs.org/postcss/-/postcss-8.4.38.tgz",
      "integrity": "sha512-add50+e3G1fHduv08y34QePzS30I/u9Pz21rIJYrh9G/Jmy+e64OaB6Xg9a/qg8Yke43B2aJpA=="
    },
    "node_modules/react": {
      "version": "18.3.1",
      "resolved": "https://registry.npmjs.org/react/-/react-18.3.1.tgz",
      "integrity": "sha512-wS+hAgJ0G1htad+lq0f7s4I+jW3kBCFmOAQT3lwbXD95OkdHRi/xsjK8sTmkifk+i/SgYmxYm0lyJtQh3A7Wlg==",
      "dependencies": {
        "loose-envify": "^1.1.0",
        "scheduler": "^0.23.2"
      },
      "engines": {
        "node": ">=0.10.0"
      }
    },
    "node_modules/react-day-picker": {
      "version": "8.10.1",
      "resolved": "https://registry.npmjs.org/react-day-picker/-/react-day-picker-8.10.1.tgz",
      "integrity": "sha512-Ym7gQf9+4yBgx5/3Wk22Pz4aW6Wb073F+p0WJ48oF4/6V65T235u+0e/Yx/iWzQ1oYvF4f7rR85Jc9kCw==",
      "dependencies": {
        "date-fns": "^2.30.0"
      },
      "peerDependencies": {
        "react": "^17.0.0 || ^18.0.0"
      }
    },
    "node_modules/react-day-picker/node_modules/date-fns": {
      "version": "2.30.0",
      "resolved": "https://registry.npmjs.org/date-fns/-/date-fns-2.30.0.tgz",
      "integrity": "sha512-fnULj2eS4KRXoA5/fFJJr0SkSifgNHQh/m3bADCRhYVwT1f2e1Bf2Xq+5F2mEfG8sA9ylrXwzBv4I07zP1yHZw==",
      "engines": {
        "node": ">=0.11"
      },
      "funding": {
        "type": "opencollective",
        "url": "https://opencollective.com/date-fns"
      }
    },
    "node_modules/react-dom": {
      "version": "18.3.1",
      "resolved": "https://registry.npmjs.org/react-dom/-/react-dom-18.3.1.tgz",
      "integrity": "sha512-5m4lB4wQ0k3SAO9B67h903Ad1/3A9DhrV27t/35yTrcsyoFCRXM7U3F9U8Ild2yifROA4iJ+2aQYvJq/w1G3mA==",
      "dependencies": {
        "loose-envify": "^1.1.0",
        "scheduler": "^0.23.2"
      },
      "peerDependencies": {
        "react": "^18.3.1"
      }
    },
    "node_modules/react-hook-form": {
      "version": "7.52.0",
      "resolved": "https://registry.npmjs.org/react-hook-form/-/react-hook-form-7.52.0.tgz",
      "integrity": "sha512-s4uHq3fVdcz5rVdE/gHlU/nZl9/DzzgX8qY6d9I0f5F/J4L5f0cK2QFKg21nQ8+PcP+1825Yk3b6Q7kew==",
      "peerDependencies": {
        "react": "^16.8.0 || ^17 || ^18"
      }
    },
    "node_modules/react-remove-scroll": {
      "version": "2.5.9",
      "resolved": "https://registry.npmjs.org/react-remove-scroll/-/react-remove-scroll-2.5.9.tgz",
      "integrity": "sha512-T9y1mC61t47iP3vO9yQGsmBfLFPjTjGkeo3kL8q+dOA011wWPSgiyDk2dJtBpj2Tf23iNnJy3S8f+3/lIeXqDQ==",
      "dependencies": {
        "detect-node-es": "^1.1.0",
        "react-style-singleton": "^2.2.1",
        "tslib": "^2.6.2"
      },
      "peerDependencies": {
        "react": ">=16.8.0"
      }
    },
    "node_modules/react-use-layout-effect": {
      "version": "1.1.0",
      "resolved": "https://registry.npmjs.org/react-use-layout-effect/-/react-use-layout-effect-1.1.0.tgz",
      "integrity": "sha512-uG42rS5l6g9J1rG1p4T8lFfln3vIgte2f3eS+O58SgWbQ2/gX9fH5A801bY7tKqfN842uSpm7y08mGzR30lg==",
      "peerDependencies": {
        "react": "^16.8.0 || ^17.0.0 || ^18.0.0"
      }
    },
    "node_modules/regenerator-runtime": {
      "version": "0.14.1",
      "resolved": "https://registry.npmjs.org/regenerator-runtime/-/regenerator-runtime-0.14.1.tgz",
      "integrity": "sha512-dYnhHh0nJoMfnkZs6GmmhFknAGRrLznOu5nc9ML+EJxGvrx6H7teuevqVqCuPcPK//3eDrrjQhehXVx9cnkGdw=="
    },
    "node_modules/remark": {
      "version": "15.0.1",
      "resolved": "https://registry.npmjs.org/remark/-/remark-15.0.1.tgz",
      "integrity": "sha512-u382bA2r3y4/1L3828G9L242nB3d2A8VHCmS3Rj1N7fl81I352y3RHY9jL1GAbE20HlGubqDqCo2F/ZmUuYgGA==",
      "dependencies": {
        "unified": "^11.0.0",
        "vfile": "^6.0.0",
        "vfile-message": "^4.0.0"
      },
      "funding": {
        "type": "opencollective",
        "url": "https://opencollective.com/unified"
      }
    },
    "node_modules/remark-html": {
      "version": "16.0.1",
      "resolved": "https://registry.npmjs.org/remark-html/-/remark-html-16.0.1.tgz",
      "integrity": "sha512-y78B1YpHZg3/AjanTcrWp98qCEwT0Kk/I8k31kQtgU4HuwK+plC2e4w15P/N4l6DnYJvY/S8B5k1u2s9EcFgxw==",
      "dependencies": {
        "hast-util-to-html": "^9.0.0",
        "unified": "^11.0.0",
        "unist-util-is": "^6.0.0",
        "vfile": "^6.0.0"
      }
    },
    "node_modules/rss-parser": {
      "version": "3.13.0",
      "resolved": "https://registry.npmjs.org/rss-parser/-/rss-parser-3.13.0.tgz",
      "integrity": "sha512-32LVgBfU4u1FvXPAx6J3O8M9IFt7f9kCgXSt04iS6M8Z2tptvDvoVw+j1VvMh2RWCYLNBeC4rZ8yS7Lp+A8F5A==",
      "dependencies": {
        "xml2js": "^0.6.0"
      },
      "engines": {
        "node": ">=16.0.0"
      }
    },
    "node_modules/scheduler": {
      "version": "0.23.2",
      "resolved": "https://registry.npmjs.org/scheduler/-/scheduler-0.23.2.tgz",
      "integrity": "sha512-EaCx2yoLCldD1rVb+QmdsAL1ibILH5Jb0Jf51/2T+j5i2L2+A+9l1P/1I323Q03mw2Ie8Tf5T2vL52v5Bf2v9g==",
      "dependencies": {
        "loose-envify": "^1.1.0"
      }
    },
    "node_modules/tailwind-merge": {
      "version": "2.3.0",
      "resolved": "https://registry.npmjs.org/tailwind-merge/-/tailwind-merge-2.3.0.tgz",
      "integrity": "sha512-on/kvL2unilK/dCj5l2m2mB4ElgjfvI2u4E1TdfKj2z27fVP4w4iV0P3iDimrSgXFuwNNyGIIs4nB89Qv4tZVw=="
    },
    "node_modules/tailwindcss": {
      "version": "3.4.4",
      "resolved": "https://registry.npmjs.org/tailwindcss/-/tailwindcss-3.4.4.tgz",
      "integrity": "sha512-qK9MM3TScUf5T2y5i25LMnkxa5I1fRyw3yA3dJ9mXvj4D/4b3dMrm0T1yN6cI5o9m5mYJvImQ4gqGf48kS2+Ag==",
      "dev": true,
      "dependencies": {
        "arg": "^5.0.2",
        "chokidar": "^3.5.3",
        "didyoumean": "^1.2.2",
        "dlv": "^1.1.3",
        "fast-glob": "^3.3.2",
        "glob-parent": "^6.0.2",
        "is-glob": "^4.0.3",
        "jiti": "^1.21.0",
        "lilconfig": "^2.1.0",
        "minimist": "^1.2.8",
        "normalize-path": "^3.0.0",
        "object-hash": "^3.0.0",
        "picocolors": "^1.0.0",
        "postcss": "^8.4.31",
        "postcss-import": "^15.1.0",
        "postcss-js": "^4.0.1",
        "postcss-load-config": "^4.0.2",
        "postcss-nested": "^6.0.1",
        "postcss-selector-parser": "^6.0.13",
        "postcss-value-parser": "^4.2.0",
        "quick-lru": "^5.1.1",
        "resolve": "^1.22.8",
        "tailwindcss-patch": "^3.4.4-patch.1"
      },
      "bin": {
        "tailwind": "lib/cli.js",
        "tailwindcss": "lib/cli.js"
      },
      "engines": {
        "node": ">=16.14.0"
      }
    },
    "node_modules/tailwindcss-animate": {
      "version": "1.0.7",
      "resolved": "https://registry.npmjs.org/tailwindcss-animate/-/tailwindcss-animate-1.0.7.tgz",
      "integrity": "sha512-E2g5J3o2p/j2w2J4E+5Q4P/8l9u55e5MacaonpM3ALh+3A9s2R6p/yBIoGv0y0LijP4y0P6Y2nC1bFxk4I62xQ=="
    },
    "node_modules/tslib": {
      "version": "2.6.3",
      "resolved": "https://registry.npmjs.org/tslib/-/tslib-2.6.3.tgz",
      "integrity": "sha512-xN0Oq4I2i7274h23oK9sBNmS2s04adp9v991IuBvJq284O0U+bS2T4sESd8nad2I72Ld2F/68E+A1wAAA=="
    },
    "node_modules/typescript": {
      "version": "5.4.5",
      "resolved": "https://registry.npmjs.org/typescript/-/typescript-5.4.5.tgz",
      "integrity": "sha512-vcg4rvE1TRQ3PSROwA8l6U6AOkjUAiLzpc/lHjSCzT3pGscxSU/jfXdhrg3pTuio7QYZTT2vcyS95EJ16b0hGA==",
      "dev": true,
      "bin": {
        "tsc": "bin/tsc",
        "tsserver": "bin/tsserver"
      },
      "engines": {
        "node": ">=14.17"
      }
    },
    "node_modules/undici-types": {
      "version": "5.26.5",
      "resolved": "https://registry.npmjs.org/undici-types/-/undici-types-5.26.5.tgz",
      "integrity": "sha512-gjM/pB+wLVo9wNz8B+hugwTMvOU2EKv3PSz1k+x53sL7zGPEg2+oPSJED91z9AJ0LA25r3qgWz/y4u5z1w0w2g==",
      "dev": true
    },
    "node_modules/zod": {
      "version": "3.23.8",
      "resolved": "https://registry.npmjs.org/zod/-/zod-3.23.8.tgz",
      "integrity": "sha512-XBx/3+2nkp2wUYprCRoN2KVrM+9I1F2a2T3A4h3T2IqkWehMxq/4sACFdAeA6gUS4pA34N3a34IYLqg+u4396A==",
      "funding": {
        "url": "https://github.com/sponsors/colinhacks"
      }
    }
  }
}
